
Microsoft Visual Studio Solution File, Format Version 12.00
Project("{FAE04EC0-301F-11D3-BF4B-00C04F79EFBC}") = "Sitemapr", "src\Sitemapr\Sitemapr.csproj", "{3328B110-1D8A-409E-8873-A5B9E5F41C99}"
EndProject
Project("{FAE04EC0-301F-11D3-BF4B-00C04F79EFBC}") = "Sitemapr.Extensions.Microsoft.DependencyInjection", "src\Sitemapr.Extensions.Microsoft.DependencyInjection\Sitemapr.Extensions.Microsoft.DependencyInjection.csproj", "{071D13FF-7346-44FF-8E42-23C5003D48CF}"
EndProject
Project("{FAE04EC0-301F-11D3-BF4B-00C04F79EFBC}") = "Sitemapr.Test.UnitTests", "test\Sitemapr.Test.UnitTests\Sitemapr.Test.UnitTests.csproj", "{B7B87759-C6BB-4454-B4B0-5868F64083FA}"
EndProject
Project("{FAE04EC0-301F-11D3-BF4B-00C04F79EFBC}") = "Sitemapr.Test.Shared", "test\Sitemapr.Test.Shared\Sitemapr.Test.Shared.csproj", "{622EA41D-58DF-4A78-8DCD-787774D3B39B}"
EndProject
Project("{FAE04EC0-301F-11D3-BF4B-00C04F79EFBC}") = "Sitemapr.Test.IntegrationTests", "test\Sitemapr.Test.IntegrationTests\Sitemapr.Test.IntegrationTests.csproj", "{875C2581-67C6-43C2-BCF5-BE80765E6C24}"
EndProject
Global
	GlobalSection(SolutionConfigurationPlatforms) = preSolution
		Debug|Any CPU = Debug|Any CPU
		Release|Any CPU = Release|Any CPU
	EndGlobalSection
	GlobalSection(ProjectConfigurationPlatforms) = postSolution
		{3328B110-1D8A-409E-8873-A5B9E5F41C99}.Debug|Any CPU.ActiveCfg = Debug|Any CPU
		{3328B110-1D8A-409E-8873-A5B9E5F41C99}.Debug|Any CPU.Build.0 = Debug|Any CPU
		{3328B110-1D8A-409E-8873-A5B9E5F41C99}.Release|Any CPU.ActiveCfg = Release|Any CPU
		{3328B110-1D8A-409E-8873-A5B9E5F41C99}.Release|Any CPU.Build.0 = Release|Any CPU
		{071D13FF-7346-44FF-8E42-23C5003D48CF}.Debug|Any CPU.ActiveCfg = Debug|Any CPU
		{071D13FF-7346-44FF-8E42-23C5003D48CF}.Debug|Any CPU.Build.0 = Debug|Any CPU
		{071D13FF-7346-44FF-8E42-23C5003D48CF}.Release|Any CPU.ActiveCfg = Release|Any CPU
		{071D13FF-7346-44FF-8E42-23C5003D48CF}.Release|Any CPU.Build.0 = Release|Any CPU
		{B7B87759-C6BB-4454-B4B0-5868F64083FA}.Debug|Any CPU.ActiveCfg = Debug|Any CPU
		{B7B87759-C6BB-4454-B4B0-5868F64083FA}.Debug|Any CPU.Build.0 = Debug|Any CPU
		{B7B87759-C6BB-4454-B4B0-5868F64083FA}.Release|Any CPU.ActiveCfg = Release|Any CPU
		{B7B87759-C6BB-4454-B4B0-5868F64083FA}.Release|Any CPU.Build.0 = Release|Any CPU
		{622EA41D-58DF-4A78-8DCD-787774D3B39B}.Debug|Any CPU.ActiveCfg = Debug|Any CPU
		{622EA41D-58DF-4A78-8DCD-787774D3B39B}.Debug|Any CPU.Build.0 = Debug|Any CPU
		{622EA41D-58DF-4A78-8DCD-787774D3B39B}.Release|Any CPU.ActiveCfg = Release|Any CPU
		{622EA41D-58DF-4A78-8DCD-787774D3B39B}.Release|Any CPU.Build.0 = Release|Any CPU
		{875C2581-67C6-43C2-BCF5-BE80765E6C24}.Debug|Any CPU.ActiveCfg = Debug|Any CPU
		{875C2581-67C6-43C2-BCF5-BE80765E6C24}.Debug|Any CPU.Build.0 = Debug|Any CPU
		{875C2581-67C6-43C2-BCF5-BE80765E6C24}.Release|Any CPU.ActiveCfg = Release|Any CPU
		{875C2581-67C6-43C2-BCF5-BE80765E6C24}.Release|Any CPU.Build.0 = Release|Any CPU
	EndGlobalSection
EndGlobal
